
Microsoft Visual Studio Solution File, Format Version 12.00
# Visual Studio 15
VisualStudioVersion = 15.0.27004.2006
MinimumVisualStudioVersion = 10.0.40219.1
Project("{2150E333-8FDC-42A3-9474-1A3956D46DE8}") = "Infrastructure", "Infrastructure", "{11854441-8BA2-4F92-876A-C21E1C392328}"
EndProject
Project("{FAE04EC0-301F-11D3-BF4B-00C04F79EFBC}") = "Shared", "Infrastructure\Shared\Shared.csproj", "{FA2CD1BF-A890-4306-9EDB-A1B10042E57E}"
EndProject
Project("{2150E333-8FDC-42A3-9474-1A3956D46DE8}") = "ORM", "ORM", "{9DE2C92F-7899-4F55-8790-B26CB9160C22}"
EndProject
Project("{2150E333-8FDC-42A3-9474-1A3956D46DE8}") = "Providers", "Providers", "{83384F8F-4611-4FB6-88D0-C1D89D0D070A}"
EndProject
Project("{FAE04EC0-301F-11D3-BF4B-00C04F79EFBC}") = "Provider.EntityFramework", "ORM\Providers\Provider.EntityFramework\Provider.EntityFramework.csproj", "{8CE800B3-084A-4900-BEC3-27B81707ADC9}"
EndProject
Project("{2150E333-8FDC-42A3-9474-1A3956D46DE8}") = "Kernel", "Kernel", "{B659F5BF-19B6-48C7-885A-1CA767049A8C}"
EndProject
Project("{FAE04EC0-301F-11D3-BF4B-00C04F79EFBC}") = "Kernel", "Kernel\Kernel\Kernel.csproj", "{E198C691-91A6-4082-9976-F5F006F24960}"
EndProject
Project("{2150E333-8FDC-42A3-9474-1A3956D46DE8}") = "DependancyResolvers", "DependancyResolvers", "{CCBB2203-2FD5-4CE4-9FA0-4F3C97A9701A}"
EndProject
Project("{FAE04EC0-301F-11D3-BF4B-00C04F79EFBC}") = "UnityResolver", "DependancyResolvers\UnityResolver\UnityResolver.csproj", "{681BB5E0-8DB0-44FA-8950-EEF3ADC42745}"
EndProject
Project("{2150E333-8FDC-42A3-9474-1A3956D46DE8}") = "Server", "Server", "{988A4448-0520-4995-BF33-738CE2C4CE4B}"
EndProject
Project("{FAE04EC0-301F-11D3-BF4B-00C04F79EFBC}") = "ServerInitialisation", "Server\ServerInitialisation\ServerInitialisation.csproj", "{9670D9D3-7652-42AC-80A7-B9B5D07A0B4C}"
EndProject
Project("{2150E333-8FDC-42A3-9474-1A3956D46DE8}") = "Serialisation", "Serialisation", "{0AFE6D2B-E3B2-455F-9776-70D5C39629A4}"
EndProject
Project("{FAE04EC0-301F-11D3-BF4B-00C04F79EFBC}") = "Serialisation.JSON", "Serialisation\Serialisation.JSON\Serialisation.JSON.csproj", "{4EB8AB3B-2E70-410F-AA9B-8F1C9490FA3A}"
EndProject
Project("{FAE04EC0-301F-11D3-BF4B-00C04F79EFBC}") = "Kernel.Reflection", "Kernel\Kernel.Reflection\Kernel.Reflection.csproj", "{2A6BA5FB-DBAA-457A-9CB3-9BA74A96551B}"
EndProject
Project("{FAE04EC0-301F-11D3-BF4B-00C04F79EFBC}") = "Kernel.Configuration", "Kernel\Kernel.Configuration\Kernel.Configuration.csproj", "{B78BEABA-813A-4C65-BA17-2207E5F37B66}"
EndProject
Project("{FAE04EC0-301F-11D3-BF4B-00C04F79EFBC}") = "Kernel.Logging", "Kernel\Kernel.Logging\Kernel.Logging.csproj", "{7DA939D6-5443-498F-AAA1-3CE3134BC3EB}"
EndProject
Project("{FAE04EC0-301F-11D3-BF4B-00C04F79EFBC}") = "Kernel.Data", "Kernel\Kernel.Data\Kernel.Data.csproj", "{58F76882-5E21-452F-A070-76D468D6E27C}"
EndProject
Project("{FAE04EC0-301F-11D3-BF4B-00C04F79EFBC}") = "Kernel.Cryptography", "Kernel\Kernel.Cryptography\Kernel.Cryptography.csproj", "{857217F2-B265-4154-883F-568285643238}"
EndProject
Project("{FAE04EC0-301F-11D3-BF4B-00C04F79EFBC}") = "Kernel.Cache", "Kernel\Kernel.Cache\Kernel.Cache.csproj", "{5A1D47F4-B15F-4F42-8EAF-24F1474FE503}"
EndProject
Project("{2150E333-8FDC-42A3-9474-1A3956D46DE8}") = "Cache", "Cache", "{E7584BB5-905E-4A31-ABA8-E77C3C9F47C1}"
EndProject
Project("{FAE04EC0-301F-11D3-BF4B-00C04F79EFBC}") = "MemoryCacheProvider", "Cache\MemoryCacheProvider\MemoryCacheProvider.csproj", "{5647CA93-FE6C-4247-93C6-5617D16BE29B}"
EndProject
Project("{FAE04EC0-301F-11D3-BF4B-00C04F79EFBC}") = "Kernel.Authentication", "Kernel\Kernel.Authentication\Kernel.Authentication.csproj", "{9492C7B7-6584-4FFF-A68F-8F0AEFD8077E}"
EndProject
Project("{2150E333-8FDC-42A3-9474-1A3956D46DE8}") = "Authorization", "Authorization", "{BABF9089-5262-4707-A312-FFD1B904F68B}"
EndProject
Project("{FAE04EC0-301F-11D3-BF4B-00C04F79EFBC}") = "OAuthAuthorisationService", "Authorization\OAuthAuthorisationService\OAuthAuthorisationService.csproj", "{B0D92407-E135-4CE6-8250-51AC8846ED0C}"
EndProject
Project("{FAE04EC0-301F-11D3-BF4B-00C04F79EFBC}") = "Kernel.Authorisation", "Kernel\Kernel.Authorisation\Kernel.Authorisation.csproj", "{4D83CD86-3A8E-4501-B8A7-7989CD71EDF1}"
EndProject
Project("{FAE04EC0-301F-11D3-BF4B-00C04F79EFBC}") = "SSOOwinMiddleware", "Authorization\SSOShibbolethOwinMiddleware\SSOOwinMiddleware.csproj", "{11CD60DA-6FBB-4A76-96B3-841DC2E67EFA}"
EndProject
Project("{FAE04EC0-301F-11D3-BF4B-00C04F79EFBC}") = "Kernel.Federation", "Kernel\Kernel.Federation\Kernel.Federation.csproj", "{47FE8E9F-CCF6-46B7-BA75-CBA1D1F56D7A}"
EndProject
Project("{2150E333-8FDC-42A3-9474-1A3956D46DE8}") = "Federation", "Federation", "{59620518-6260-4F87-87AF-3142CEE75C35}"
EndProject
Project("{FAE04EC0-301F-11D3-BF4B-00C04F79EFBC}") = "WsFederationMetadataProvider", "Authorization\Federation\SPMetadataProvider\WsFederationMetadataProvider.csproj", "{220407EA-E1E1-4BC6-BEC3-3ABFE5070DF5}"
EndProject
Project("{FAE04EC0-301F-11D3-BF4B-00C04F79EFBC}") = "SecurityManagement", "Authorization\Federation\SecurityManagement\SecurityManagement.csproj", "{F194D759-AE81-488C-8230-EF63836B44C9}"
EndProject
Project("{FAE04EC0-301F-11D3-BF4B-00C04F79EFBC}") = "WsFederationMetadataProviderTests", "Authorization\Federation\WsFederationMetadataProviderTests\WsFederationMetadataProviderTests.csproj", "{85EDB9FC-3769-4421-9AB6-5EA4117A72F7}"
EndProject
Project("{FAE04EC0-301F-11D3-BF4B-00C04F79EFBC}") = "WebClientMetadataWriter", "Authorization\Federation\WebClientMetadataWriter\WebClientMetadataWriter.csproj", "{D9CD2A65-E454-403C-A36D-1BEEB4FB047B}"
EndProject
Project("{FAE04EC0-301F-11D3-BF4B-00C04F79EFBC}") = "WsMetadataSerialisation", "Serialisation\WsMetadataSerialisation\WsMetadataSerialisation.csproj", "{D63B92B8-863B-493D-8117-0960DB06B554}"
EndProject
Project("{FAE04EC0-301F-11D3-BF4B-00C04F79EFBC}") = "Federation.Protocols", "Authorization\Federation\Federation.Protocols\Federation.Protocols.csproj", "{33862A55-E53A-45EF-85C4-A9E1DEF4181C}"
EndProject
Project("{FAE04EC0-301F-11D3-BF4B-00C04F79EFBC}") = "Serialisation.Xml", "Serialisation\Serialisation.Xml\Serialisation.Xml.csproj", "{CAAA3B30-55E9-4F50-8F09-89CA54DF9614}"
EndProject
Project("{FAE04EC0-301F-11D3-BF4B-00C04F79EFBC}") = "ORMMetadataContextProvider", "Authorization\Federation\ORMMetadataContextBuilder\ORMMetadataContextProvider.csproj", "{3A8DF840-5A87-4CD3-915E-07ABF10B065A}"
EndProject
Project("{FAE04EC0-301F-11D3-BF4B-00C04F79EFBC}") = "JsonMetadataContextProvider", "Authorization\Federation\JsonMetadataContextProvider\JsonMetadataContextProvider.csproj", "{132FA025-29D6-4DDE-9653-22477F4E01F0}"
EndProject
Project("{FAE04EC0-301F-11D3-BF4B-00C04F79EFBC}") = "InlineMetadataContextProvider", "Authorization\Federation\ClassLibrary1\InlineMetadataContextProvider.csproj", "{E111A891-B47D-4BDC-8BC2-62C2605FC9B8}"
EndProject
Project("{FAE04EC0-301F-11D3-BF4B-00C04F79EFBC}") = "SecurityManagement.Tests", "Authorization\Federation\SecurityManagement.Tests\SecurityManagement.Tests.csproj", "{1AB1997A-C8D1-4AED-848D-54001D50A537}"
EndProject
Project("{FAE04EC0-301F-11D3-BF4B-00C04F79EFBC}") = "Federation.Metadata.FederationPartner", "Authorization\Federation\Federation.Metadata.Consumer\Federation.Metadata.FederationPartner.csproj", "{EEC53E9A-3970-4EEC-8FFC-6B1AEA371A77}"
EndProject
Project("{FAE04EC0-301F-11D3-BF4B-00C04F79EFBC}") = "Federation.Metadata.HttpRetriever", "Authorization\Federation\Federation.Metadata.HttpRetriever\Federation.Metadata.HttpRetriever.csproj", "{99B877E4-7B04-4490-9163-C7A41FEE0097}"
EndProject
Project("{FAE04EC0-301F-11D3-BF4B-00C04F79EFBC}") = "Federation.Metadata.Consumer.Tests", "Authorization\Federation\Federation.Metadata.Consumer.Tests\Federation.Metadata.Consumer.Tests.csproj", "{40277502-BEE5-4E57-986E-8C6C851A8913}"
EndProject
Project("{FAE04EC0-301F-11D3-BF4B-00C04F79EFBC}") = "ORMMetadataContextProvider.Tests", "Authorization\Federation\ORMMetadataContextProvider.Tests\ORMMetadataContextProvider.Tests.csproj", "{B3B5D17F-9B2C-4B26-90E5-8AB0C1A3074A}"
EndProject
Project("{2150E333-8FDC-42A3-9474-1A3956D46DE8}") = "Web", "Web", "{5D045FCD-BBE8-4543-B16B-00C8579E6861}"
EndProject
Project("{FAE04EC0-301F-11D3-BF4B-00C04F79EFBC}") = "WebApi", "WebApi\WebApi.csproj", "{40A28D14-9B34-4000-BB7B-99BB0FD5BDF7}"
EndProject
Project("{FAE04EC0-301F-11D3-BF4B-00C04F79EFBC}") = "WsMetadataSerialisation.Test", "Serialisation\WsMetadataSerialisation.Test\WsMetadataSerialisation.Test.csproj", "{52847132-FB66-4611-A321-581391DDB57F}"
EndProject
Project("{FAE04EC0-301F-11D3-BF4B-00C04F79EFBC}") = "Federation.Protocols.Test", "Authorization\Federation\Federation.Protocols.Test\Federation.Protocols.Test.csproj", "{48D73933-5410-4CA9-A1B1-41EDA199BA92}"
EndProject
Project("{FAE04EC0-301F-11D3-BF4B-00C04F79EFBC}") = "Federation.Metadata.HttpRetriever.Test", "Authorization\Federation\Federation.Metadata.HttpRetriever.Test\Federation.Metadata.HttpRetriever.Test.csproj", "{EB7256C6-282E-45B5-8056-B8301A836E6C}"
EndProject
Project("{FAE04EC0-301F-11D3-BF4B-00C04F79EFBC}") = "FileSystemMetadataWriter", "Authorization\Federation\FileSystemMetadataWriter\FileSystemMetadataWriter.csproj", "{F2858715-3D6E-4173-AC57-D1B8E874EDD1}"
EndProject
Project("{FAE04EC0-301F-11D3-BF4B-00C04F79EFBC}") = "WsFederationMetadataDispatcher", "Authorization\Federation\WsFederationMetadataDispatcher\WsFederationMetadataDispatcher.csproj", "{743A5DD8-09BE-40F6-ABA6-828DF2B3FD5E}"
EndProject
Project("{FAE04EC0-301F-11D3-BF4B-00C04F79EFBC}") = "Kernel.Compression", "Kernel\Kernel.Compression\Kernel.Compression.csproj", "{439DC5B8-1177-454E-94EC-8A8D2DDC9E22}"
EndProject
Project("{2150E333-8FDC-42A3-9474-1A3956D46DE8}") = "Compression", "Compression", "{0E5B4BCE-0395-4940-BE06-07D1F20743B5}"
EndProject
Project("{FAE04EC0-301F-11D3-BF4B-00C04F79EFBC}") = "DeflateCompression", "Compression\DeflateCompression\DeflateCompression.csproj", "{E43F61D6-1957-48E8-9D1A-5B55B736C09E}"
EndProject
Project("{FAE04EC0-301F-11D3-BF4B-00C04F79EFBC}") = "DeflateCompression.Test", "Compression\DeflateCompression.Test\DeflateCompression.Test.csproj", "{A0FB5E42-9A52-44D2-B206-47D1E653E9C4}"
EndProject
Project("{FAE04EC0-301F-11D3-BF4B-00C04F79EFBC}") = "Federation.Logging", "Authorization\Federation\Federation.Logging\Federation.Logging.csproj", "{FABF809F-F00C-430C-AF7A-5639240A641F}"
EndProject
Project("{2150E333-8FDC-42A3-9474-1A3956D46DE8}") = "Security", "Security", "{11F56A63-7A92-4841-8C2A-0F24F93C5A74}"
EndProject
Project("{2150E333-8FDC-42A3-9474-1A3956D46DE8}") = "WebSecurity", "WebSecurity", "{FDBEE45B-1577-42E8-807A-48A574D239BF}"
EndProject
Project("{FAE04EC0-301F-11D3-BF4B-00C04F79EFBC}") = "Microsoft.Owin.CertificateValidators", "Security\WebSecurity\Microsoft.Owin.CertificateValidators\Microsoft.Owin.CertificateValidators.csproj", "{854EDCFA-6E4B-4EFE-9691-A51E43B32A06}"
EndProject
Project("{FAE04EC0-301F-11D3-BF4B-00C04F79EFBC}") = "Kernel.Security", "Kernel\Kernel.Security\Kernel.Security.csproj", "{7C4225E8-700D-4FEE-9BBB-28A935364F05}"
EndProject
Project("{FAE04EC0-301F-11D3-BF4B-00C04F79EFBC}") = "Microsoft.Owin.CertificateValidators.Tests", "Security\Microsoft.Owin.CertificateValidators.Tests\Microsoft.Owin.CertificateValidators.Tests.csproj", "{0F2C1E30-2D35-4B24-8C7B-752407A5037B}"
EndProject
Project("{2150E333-8FDC-42A3-9474-1A3956D46DE8}") = "AuthenticationProviders", "AuthenticationProviders", "{6D1DC5B4-6414-4F38-B95B-A4BFA9C4BB48}"
EndProject
Project("{FAE04EC0-301F-11D3-BF4B-00C04F79EFBC}") = "Microsoft.AspNet.Identity.Owin.Provider", "AuthenticationProviders\Microsoft.AspNet.Identity.Owin.Provider\Microsoft.AspNet.Identity.Owin.Provider.csproj", "{2D6AD899-DDCF-4457-97B4-27ACC61929AF}"
EndProject
Project("{FAE04EC0-301F-11D3-BF4B-00C04F79EFBC}") = "Microsoft.AspNet.Identity.Owin.Provider.Tests", "AuthenticationProviders\Microsoft.AspNet.Identity.Owin.Provider.Tests\Microsoft.AspNet.Identity.Owin.Provider.Tests.csproj", "{B52944DB-9943-407D-9656-B488370BD204}"
EndProject
Project("{FAE04EC0-301F-11D3-BF4B-00C04F79EFBC}") = "AspNet.EntityFramework.IdentityProvider", "AuthenticationProviders\Microsoft.AspNet.Identity.Providers\AspNet.EntityFramework.IdentityProvider\AspNet.EntityFramework.IdentityProvider.csproj", "{B7BB0207-1471-4A4F-A939-9ADDB99F8249}"
EndProject
Project("{2150E333-8FDC-42A3-9474-1A3956D46DE8}") = "Microsoft.AspNet.Identity.Providers", "Microsoft.AspNet.Identity.Providers", "{0E1C09AD-279E-4373-8044-A4BEC52356A7}"
EndProject
Project("{FAE04EC0-301F-11D3-BF4B-00C04F79EFBC}") = "AspNet.EntityFramework.IdentityProvider.Tests", "AuthenticationProviders\Microsoft.AspNet.Identity.Providers\AspNet.EntityFramework.IdentityProvider.Tests\AspNet.EntityFramework.IdentityProvider.Tests.csproj", "{F246D541-91B2-4BF2-9F4F-9BD2944F5926}"
EndProject
Project("{FAE04EC0-301F-11D3-BF4B-00C04F79EFBC}") = "Kernel.Web", "Kernel\Kernel.Web\Kernel.Web.csproj", "{9653C064-54C1-41B6-B34C-8AF2DC747C65}"
EndProject
Project("{FAE04EC0-301F-11D3-BF4B-00C04F79EFBC}") = "WsFederationMetadataTool", "Authorization\Federation\WsFederationMetadataTool\WsFederationMetadataTool.csproj", "{253BB354-E7ED-4A25-A848-E2E95F1D92FE}"
EndProject
Project("{FAE04EC0-301F-11D3-BF4B-00C04F79EFBC}") = "Kernel.Web.Utility.Test", "Kernel\Kernel.Web.Utility.Test\Kernel.Web.Utility.Test.csproj", "{313DD6A3-C3A2-4425-A722-FE1CA0225D0F}"
EndProject
Project("{FAE04EC0-301F-11D3-BF4B-00C04F79EFBC}") = "FederationIdentityProvider", "Web\FederationIdentityProvider\FederationIdentityProvider.csproj", "{DC499FB3-C948-4AD7-94BF-7CC62FE076BB}"
EndProject
Project("{FAE04EC0-301F-11D3-BF4B-00C04F79EFBC}") = "Federation.Metadata.FileRetriever", "Authorization\Federation\Federation.Metadata.FileRetriever\Federation.Metadata.FileRetriever.csproj", "{2F47900C-E9E4-4E93-9514-84798B7DA02F}"
EndProject
Project("{FAE04EC0-301F-11D3-BF4B-00C04F79EFBC}") = "Kernel.Validation", "Kernel\Kernel.Validation\Kernel.Validation.csproj", "{7BDF6D7A-5FF9-469B-9881-4E89779AC789}"
EndProject
Project("{FAE04EC0-301F-11D3-BF4B-00C04F79EFBC}") = "JsonMetadataContextProvider.Test", "Authorization\Federation\JsonMetadataContextProvider.Test\JsonMetadataContextProvider.Test.csproj", "{60ADD50A-4834-47CB-8E07-63E67EA1C831}"
EndProject
Project("{2150E333-8FDC-42A3-9474-1A3956D46DE8}") = "Notifications", "Notifications", "{7EF8D2E4-0736-4784-B678-1D8B3BDE4DC2}"
EndProject
Project("{FAE04EC0-301F-11D3-BF4B-00C04F79EFBC}") = "SmtpNotification", "Notifications\SmtpNotification\SmtpNotification.csproj", "{A962236F-0E16-44F8-B407-8FCFE492DB06}"
EndProject
Project("{FAE04EC0-301F-11D3-BF4B-00C04F79EFBC}") = "Kernel.Notification", "Kernel\Kernel.Notification\Kernel.Notification.csproj", "{E8E682DD-6662-4996-96E3-CE2BDE8C5D97}"
EndProject
Global
	GlobalSection(SolutionConfigurationPlatforms) = preSolution
		Debug|Any CPU = Debug|Any CPU
		Release|Any CPU = Release|Any CPU
	EndGlobalSection
	GlobalSection(ProjectConfigurationPlatforms) = postSolution
		{FA2CD1BF-A890-4306-9EDB-A1B10042E57E}.Debug|Any CPU.ActiveCfg = Debug|Any CPU
		{FA2CD1BF-A890-4306-9EDB-A1B10042E57E}.Debug|Any CPU.Build.0 = Debug|Any CPU
		{FA2CD1BF-A890-4306-9EDB-A1B10042E57E}.Release|Any CPU.ActiveCfg = Release|Any CPU
		{FA2CD1BF-A890-4306-9EDB-A1B10042E57E}.Release|Any CPU.Build.0 = Release|Any CPU
		{8CE800B3-084A-4900-BEC3-27B81707ADC9}.Debug|Any CPU.ActiveCfg = Debug|Any CPU
		{8CE800B3-084A-4900-BEC3-27B81707ADC9}.Debug|Any CPU.Build.0 = Debug|Any CPU
		{8CE800B3-084A-4900-BEC3-27B81707ADC9}.Release|Any CPU.ActiveCfg = Release|Any CPU
		{8CE800B3-084A-4900-BEC3-27B81707ADC9}.Release|Any CPU.Build.0 = Release|Any CPU
		{E198C691-91A6-4082-9976-F5F006F24960}.Debug|Any CPU.ActiveCfg = Debug|Any CPU
		{E198C691-91A6-4082-9976-F5F006F24960}.Debug|Any CPU.Build.0 = Debug|Any CPU
		{E198C691-91A6-4082-9976-F5F006F24960}.Release|Any CPU.ActiveCfg = Release|Any CPU
		{E198C691-91A6-4082-9976-F5F006F24960}.Release|Any CPU.Build.0 = Release|Any CPU
		{681BB5E0-8DB0-44FA-8950-EEF3ADC42745}.Debug|Any CPU.ActiveCfg = Debug|Any CPU
		{681BB5E0-8DB0-44FA-8950-EEF3ADC42745}.Debug|Any CPU.Build.0 = Debug|Any CPU
		{681BB5E0-8DB0-44FA-8950-EEF3ADC42745}.Release|Any CPU.ActiveCfg = Release|Any CPU
		{681BB5E0-8DB0-44FA-8950-EEF3ADC42745}.Release|Any CPU.Build.0 = Release|Any CPU
		{9670D9D3-7652-42AC-80A7-B9B5D07A0B4C}.Debug|Any CPU.ActiveCfg = Debug|Any CPU
		{9670D9D3-7652-42AC-80A7-B9B5D07A0B4C}.Debug|Any CPU.Build.0 = Debug|Any CPU
		{9670D9D3-7652-42AC-80A7-B9B5D07A0B4C}.Release|Any CPU.ActiveCfg = Release|Any CPU
		{9670D9D3-7652-42AC-80A7-B9B5D07A0B4C}.Release|Any CPU.Build.0 = Release|Any CPU
		{4EB8AB3B-2E70-410F-AA9B-8F1C9490FA3A}.Debug|Any CPU.ActiveCfg = Debug|Any CPU
		{4EB8AB3B-2E70-410F-AA9B-8F1C9490FA3A}.Debug|Any CPU.Build.0 = Debug|Any CPU
		{4EB8AB3B-2E70-410F-AA9B-8F1C9490FA3A}.Release|Any CPU.ActiveCfg = Release|Any CPU
		{4EB8AB3B-2E70-410F-AA9B-8F1C9490FA3A}.Release|Any CPU.Build.0 = Release|Any CPU
		{2A6BA5FB-DBAA-457A-9CB3-9BA74A96551B}.Debug|Any CPU.ActiveCfg = Debug|Any CPU
		{2A6BA5FB-DBAA-457A-9CB3-9BA74A96551B}.Debug|Any CPU.Build.0 = Debug|Any CPU
		{2A6BA5FB-DBAA-457A-9CB3-9BA74A96551B}.Release|Any CPU.ActiveCfg = Release|Any CPU
		{2A6BA5FB-DBAA-457A-9CB3-9BA74A96551B}.Release|Any CPU.Build.0 = Release|Any CPU
		{B78BEABA-813A-4C65-BA17-2207E5F37B66}.Debug|Any CPU.ActiveCfg = Debug|Any CPU
		{B78BEABA-813A-4C65-BA17-2207E5F37B66}.Debug|Any CPU.Build.0 = Debug|Any CPU
		{B78BEABA-813A-4C65-BA17-2207E5F37B66}.Release|Any CPU.ActiveCfg = Release|Any CPU
		{B78BEABA-813A-4C65-BA17-2207E5F37B66}.Release|Any CPU.Build.0 = Release|Any CPU
		{7DA939D6-5443-498F-AAA1-3CE3134BC3EB}.Debug|Any CPU.ActiveCfg = Debug|Any CPU
		{7DA939D6-5443-498F-AAA1-3CE3134BC3EB}.Debug|Any CPU.Build.0 = Debug|Any CPU
		{7DA939D6-5443-498F-AAA1-3CE3134BC3EB}.Release|Any CPU.ActiveCfg = Release|Any CPU
		{7DA939D6-5443-498F-AAA1-3CE3134BC3EB}.Release|Any CPU.Build.0 = Release|Any CPU
		{58F76882-5E21-452F-A070-76D468D6E27C}.Debug|Any CPU.ActiveCfg = Debug|Any CPU
		{58F76882-5E21-452F-A070-76D468D6E27C}.Debug|Any CPU.Build.0 = Debug|Any CPU
		{58F76882-5E21-452F-A070-76D468D6E27C}.Release|Any CPU.ActiveCfg = Release|Any CPU
		{58F76882-5E21-452F-A070-76D468D6E27C}.Release|Any CPU.Build.0 = Release|Any CPU
		{857217F2-B265-4154-883F-568285643238}.Debug|Any CPU.ActiveCfg = Debug|Any CPU
		{857217F2-B265-4154-883F-568285643238}.Debug|Any CPU.Build.0 = Debug|Any CPU
		{857217F2-B265-4154-883F-568285643238}.Release|Any CPU.ActiveCfg = Release|Any CPU
		{857217F2-B265-4154-883F-568285643238}.Release|Any CPU.Build.0 = Release|Any CPU
		{5A1D47F4-B15F-4F42-8EAF-24F1474FE503}.Debug|Any CPU.ActiveCfg = Debug|Any CPU
		{5A1D47F4-B15F-4F42-8EAF-24F1474FE503}.Debug|Any CPU.Build.0 = Debug|Any CPU
		{5A1D47F4-B15F-4F42-8EAF-24F1474FE503}.Release|Any CPU.ActiveCfg = Release|Any CPU
		{5A1D47F4-B15F-4F42-8EAF-24F1474FE503}.Release|Any CPU.Build.0 = Release|Any CPU
		{5647CA93-FE6C-4247-93C6-5617D16BE29B}.Debug|Any CPU.ActiveCfg = Debug|Any CPU
		{5647CA93-FE6C-4247-93C6-5617D16BE29B}.Debug|Any CPU.Build.0 = Debug|Any CPU
		{5647CA93-FE6C-4247-93C6-5617D16BE29B}.Release|Any CPU.ActiveCfg = Release|Any CPU
		{5647CA93-FE6C-4247-93C6-5617D16BE29B}.Release|Any CPU.Build.0 = Release|Any CPU
		{9492C7B7-6584-4FFF-A68F-8F0AEFD8077E}.Debug|Any CPU.ActiveCfg = Debug|Any CPU
		{9492C7B7-6584-4FFF-A68F-8F0AEFD8077E}.Debug|Any CPU.Build.0 = Debug|Any CPU
		{9492C7B7-6584-4FFF-A68F-8F0AEFD8077E}.Release|Any CPU.ActiveCfg = Release|Any CPU
		{9492C7B7-6584-4FFF-A68F-8F0AEFD8077E}.Release|Any CPU.Build.0 = Release|Any CPU
		{B0D92407-E135-4CE6-8250-51AC8846ED0C}.Debug|Any CPU.ActiveCfg = Debug|Any CPU
		{B0D92407-E135-4CE6-8250-51AC8846ED0C}.Debug|Any CPU.Build.0 = Debug|Any CPU
		{B0D92407-E135-4CE6-8250-51AC8846ED0C}.Release|Any CPU.ActiveCfg = Release|Any CPU
		{B0D92407-E135-4CE6-8250-51AC8846ED0C}.Release|Any CPU.Build.0 = Release|Any CPU
		{4D83CD86-3A8E-4501-B8A7-7989CD71EDF1}.Debug|Any CPU.ActiveCfg = Debug|Any CPU
		{4D83CD86-3A8E-4501-B8A7-7989CD71EDF1}.Debug|Any CPU.Build.0 = Debug|Any CPU
		{4D83CD86-3A8E-4501-B8A7-7989CD71EDF1}.Release|Any CPU.ActiveCfg = Release|Any CPU
		{4D83CD86-3A8E-4501-B8A7-7989CD71EDF1}.Release|Any CPU.Build.0 = Release|Any CPU
		{11CD60DA-6FBB-4A76-96B3-841DC2E67EFA}.Debug|Any CPU.ActiveCfg = Debug|Any CPU
		{11CD60DA-6FBB-4A76-96B3-841DC2E67EFA}.Debug|Any CPU.Build.0 = Debug|Any CPU
		{11CD60DA-6FBB-4A76-96B3-841DC2E67EFA}.Release|Any CPU.ActiveCfg = Release|Any CPU
		{11CD60DA-6FBB-4A76-96B3-841DC2E67EFA}.Release|Any CPU.Build.0 = Release|Any CPU
		{47FE8E9F-CCF6-46B7-BA75-CBA1D1F56D7A}.Debug|Any CPU.ActiveCfg = Debug|Any CPU
		{47FE8E9F-CCF6-46B7-BA75-CBA1D1F56D7A}.Debug|Any CPU.Build.0 = Debug|Any CPU
		{47FE8E9F-CCF6-46B7-BA75-CBA1D1F56D7A}.Release|Any CPU.ActiveCfg = Release|Any CPU
		{47FE8E9F-CCF6-46B7-BA75-CBA1D1F56D7A}.Release|Any CPU.Build.0 = Release|Any CPU
		{220407EA-E1E1-4BC6-BEC3-3ABFE5070DF5}.Debug|Any CPU.ActiveCfg = Debug|Any CPU
		{220407EA-E1E1-4BC6-BEC3-3ABFE5070DF5}.Debug|Any CPU.Build.0 = Debug|Any CPU
		{220407EA-E1E1-4BC6-BEC3-3ABFE5070DF5}.Release|Any CPU.ActiveCfg = Release|Any CPU
		{220407EA-E1E1-4BC6-BEC3-3ABFE5070DF5}.Release|Any CPU.Build.0 = Release|Any CPU
		{F194D759-AE81-488C-8230-EF63836B44C9}.Debug|Any CPU.ActiveCfg = Debug|Any CPU
		{F194D759-AE81-488C-8230-EF63836B44C9}.Debug|Any CPU.Build.0 = Debug|Any CPU
		{F194D759-AE81-488C-8230-EF63836B44C9}.Release|Any CPU.ActiveCfg = Release|Any CPU
		{F194D759-AE81-488C-8230-EF63836B44C9}.Release|Any CPU.Build.0 = Release|Any CPU
		{85EDB9FC-3769-4421-9AB6-5EA4117A72F7}.Debug|Any CPU.ActiveCfg = Debug|Any CPU
		{85EDB9FC-3769-4421-9AB6-5EA4117A72F7}.Debug|Any CPU.Build.0 = Debug|Any CPU
		{85EDB9FC-3769-4421-9AB6-5EA4117A72F7}.Release|Any CPU.ActiveCfg = Release|Any CPU
		{85EDB9FC-3769-4421-9AB6-5EA4117A72F7}.Release|Any CPU.Build.0 = Release|Any CPU
		{D9CD2A65-E454-403C-A36D-1BEEB4FB047B}.Debug|Any CPU.ActiveCfg = Debug|Any CPU
		{D9CD2A65-E454-403C-A36D-1BEEB4FB047B}.Debug|Any CPU.Build.0 = Debug|Any CPU
		{D9CD2A65-E454-403C-A36D-1BEEB4FB047B}.Release|Any CPU.ActiveCfg = Release|Any CPU
		{D9CD2A65-E454-403C-A36D-1BEEB4FB047B}.Release|Any CPU.Build.0 = Release|Any CPU
		{D63B92B8-863B-493D-8117-0960DB06B554}.Debug|Any CPU.ActiveCfg = Debug|Any CPU
		{D63B92B8-863B-493D-8117-0960DB06B554}.Debug|Any CPU.Build.0 = Debug|Any CPU
		{D63B92B8-863B-493D-8117-0960DB06B554}.Release|Any CPU.ActiveCfg = Release|Any CPU
		{D63B92B8-863B-493D-8117-0960DB06B554}.Release|Any CPU.Build.0 = Release|Any CPU
		{33862A55-E53A-45EF-85C4-A9E1DEF4181C}.Debug|Any CPU.ActiveCfg = Debug|Any CPU
		{33862A55-E53A-45EF-85C4-A9E1DEF4181C}.Debug|Any CPU.Build.0 = Debug|Any CPU
		{33862A55-E53A-45EF-85C4-A9E1DEF4181C}.Release|Any CPU.ActiveCfg = Release|Any CPU
		{33862A55-E53A-45EF-85C4-A9E1DEF4181C}.Release|Any CPU.Build.0 = Release|Any CPU
		{CAAA3B30-55E9-4F50-8F09-89CA54DF9614}.Debug|Any CPU.ActiveCfg = Debug|Any CPU
		{CAAA3B30-55E9-4F50-8F09-89CA54DF9614}.Debug|Any CPU.Build.0 = Debug|Any CPU
		{CAAA3B30-55E9-4F50-8F09-89CA54DF9614}.Release|Any CPU.ActiveCfg = Release|Any CPU
		{CAAA3B30-55E9-4F50-8F09-89CA54DF9614}.Release|Any CPU.Build.0 = Release|Any CPU
		{3A8DF840-5A87-4CD3-915E-07ABF10B065A}.Debug|Any CPU.ActiveCfg = Debug|Any CPU
		{3A8DF840-5A87-4CD3-915E-07ABF10B065A}.Debug|Any CPU.Build.0 = Debug|Any CPU
		{3A8DF840-5A87-4CD3-915E-07ABF10B065A}.Release|Any CPU.ActiveCfg = Release|Any CPU
		{3A8DF840-5A87-4CD3-915E-07ABF10B065A}.Release|Any CPU.Build.0 = Release|Any CPU
		{132FA025-29D6-4DDE-9653-22477F4E01F0}.Debug|Any CPU.ActiveCfg = Debug|Any CPU
		{132FA025-29D6-4DDE-9653-22477F4E01F0}.Debug|Any CPU.Build.0 = Debug|Any CPU
		{132FA025-29D6-4DDE-9653-22477F4E01F0}.Release|Any CPU.ActiveCfg = Release|Any CPU
		{132FA025-29D6-4DDE-9653-22477F4E01F0}.Release|Any CPU.Build.0 = Release|Any CPU
		{E111A891-B47D-4BDC-8BC2-62C2605FC9B8}.Debug|Any CPU.ActiveCfg = Debug|Any CPU
		{E111A891-B47D-4BDC-8BC2-62C2605FC9B8}.Debug|Any CPU.Build.0 = Debug|Any CPU
		{E111A891-B47D-4BDC-8BC2-62C2605FC9B8}.Release|Any CPU.ActiveCfg = Release|Any CPU
		{E111A891-B47D-4BDC-8BC2-62C2605FC9B8}.Release|Any CPU.Build.0 = Release|Any CPU
		{1AB1997A-C8D1-4AED-848D-54001D50A537}.Debug|Any CPU.ActiveCfg = Debug|Any CPU
		{1AB1997A-C8D1-4AED-848D-54001D50A537}.Debug|Any CPU.Build.0 = Debug|Any CPU
		{1AB1997A-C8D1-4AED-848D-54001D50A537}.Release|Any CPU.ActiveCfg = Release|Any CPU
		{1AB1997A-C8D1-4AED-848D-54001D50A537}.Release|Any CPU.Build.0 = Release|Any CPU
		{EEC53E9A-3970-4EEC-8FFC-6B1AEA371A77}.Debug|Any CPU.ActiveCfg = Debug|Any CPU
		{EEC53E9A-3970-4EEC-8FFC-6B1AEA371A77}.Debug|Any CPU.Build.0 = Debug|Any CPU
		{EEC53E9A-3970-4EEC-8FFC-6B1AEA371A77}.Release|Any CPU.ActiveCfg = Release|Any CPU
		{EEC53E9A-3970-4EEC-8FFC-6B1AEA371A77}.Release|Any CPU.Build.0 = Release|Any CPU
		{99B877E4-7B04-4490-9163-C7A41FEE0097}.Debug|Any CPU.ActiveCfg = Debug|Any CPU
		{99B877E4-7B04-4490-9163-C7A41FEE0097}.Debug|Any CPU.Build.0 = Debug|Any CPU
		{99B877E4-7B04-4490-9163-C7A41FEE0097}.Release|Any CPU.ActiveCfg = Release|Any CPU
		{99B877E4-7B04-4490-9163-C7A41FEE0097}.Release|Any CPU.Build.0 = Release|Any CPU
		{40277502-BEE5-4E57-986E-8C6C851A8913}.Debug|Any CPU.ActiveCfg = Debug|Any CPU
		{40277502-BEE5-4E57-986E-8C6C851A8913}.Debug|Any CPU.Build.0 = Debug|Any CPU
		{40277502-BEE5-4E57-986E-8C6C851A8913}.Release|Any CPU.ActiveCfg = Release|Any CPU
		{40277502-BEE5-4E57-986E-8C6C851A8913}.Release|Any CPU.Build.0 = Release|Any CPU
		{B3B5D17F-9B2C-4B26-90E5-8AB0C1A3074A}.Debug|Any CPU.ActiveCfg = Debug|Any CPU
		{B3B5D17F-9B2C-4B26-90E5-8AB0C1A3074A}.Debug|Any CPU.Build.0 = Debug|Any CPU
		{B3B5D17F-9B2C-4B26-90E5-8AB0C1A3074A}.Release|Any CPU.ActiveCfg = Release|Any CPU
		{B3B5D17F-9B2C-4B26-90E5-8AB0C1A3074A}.Release|Any CPU.Build.0 = Release|Any CPU
		{40A28D14-9B34-4000-BB7B-99BB0FD5BDF7}.Debug|Any CPU.ActiveCfg = Debug|Any CPU
		{40A28D14-9B34-4000-BB7B-99BB0FD5BDF7}.Debug|Any CPU.Build.0 = Debug|Any CPU
		{40A28D14-9B34-4000-BB7B-99BB0FD5BDF7}.Release|Any CPU.ActiveCfg = Release|Any CPU
		{40A28D14-9B34-4000-BB7B-99BB0FD5BDF7}.Release|Any CPU.Build.0 = Release|Any CPU
		{52847132-FB66-4611-A321-581391DDB57F}.Debug|Any CPU.ActiveCfg = Debug|Any CPU
		{52847132-FB66-4611-A321-581391DDB57F}.Debug|Any CPU.Build.0 = Debug|Any CPU
		{52847132-FB66-4611-A321-581391DDB57F}.Release|Any CPU.ActiveCfg = Release|Any CPU
		{52847132-FB66-4611-A321-581391DDB57F}.Release|Any CPU.Build.0 = Release|Any CPU
		{48D73933-5410-4CA9-A1B1-41EDA199BA92}.Debug|Any CPU.ActiveCfg = Debug|Any CPU
		{48D73933-5410-4CA9-A1B1-41EDA199BA92}.Debug|Any CPU.Build.0 = Debug|Any CPU
		{48D73933-5410-4CA9-A1B1-41EDA199BA92}.Release|Any CPU.ActiveCfg = Release|Any CPU
		{48D73933-5410-4CA9-A1B1-41EDA199BA92}.Release|Any CPU.Build.0 = Release|Any CPU
		{EB7256C6-282E-45B5-8056-B8301A836E6C}.Debug|Any CPU.ActiveCfg = Debug|Any CPU
		{EB7256C6-282E-45B5-8056-B8301A836E6C}.Debug|Any CPU.Build.0 = Debug|Any CPU
		{EB7256C6-282E-45B5-8056-B8301A836E6C}.Release|Any CPU.ActiveCfg = Release|Any CPU
		{EB7256C6-282E-45B5-8056-B8301A836E6C}.Release|Any CPU.Build.0 = Release|Any CPU
		{F2858715-3D6E-4173-AC57-D1B8E874EDD1}.Debug|Any CPU.ActiveCfg = Debug|Any CPU
		{F2858715-3D6E-4173-AC57-D1B8E874EDD1}.Debug|Any CPU.Build.0 = Debug|Any CPU
		{F2858715-3D6E-4173-AC57-D1B8E874EDD1}.Release|Any CPU.ActiveCfg = Release|Any CPU
		{F2858715-3D6E-4173-AC57-D1B8E874EDD1}.Release|Any CPU.Build.0 = Release|Any CPU
		{743A5DD8-09BE-40F6-ABA6-828DF2B3FD5E}.Debug|Any CPU.ActiveCfg = Debug|Any CPU
		{743A5DD8-09BE-40F6-ABA6-828DF2B3FD5E}.Debug|Any CPU.Build.0 = Debug|Any CPU
		{743A5DD8-09BE-40F6-ABA6-828DF2B3FD5E}.Release|Any CPU.ActiveCfg = Release|Any CPU
		{743A5DD8-09BE-40F6-ABA6-828DF2B3FD5E}.Release|Any CPU.Build.0 = Release|Any CPU
		{439DC5B8-1177-454E-94EC-8A8D2DDC9E22}.Debug|Any CPU.ActiveCfg = Debug|Any CPU
		{439DC5B8-1177-454E-94EC-8A8D2DDC9E22}.Debug|Any CPU.Build.0 = Debug|Any CPU
		{439DC5B8-1177-454E-94EC-8A8D2DDC9E22}.Release|Any CPU.ActiveCfg = Release|Any CPU
		{439DC5B8-1177-454E-94EC-8A8D2DDC9E22}.Release|Any CPU.Build.0 = Release|Any CPU
		{E43F61D6-1957-48E8-9D1A-5B55B736C09E}.Debug|Any CPU.ActiveCfg = Debug|Any CPU
		{E43F61D6-1957-48E8-9D1A-5B55B736C09E}.Debug|Any CPU.Build.0 = Debug|Any CPU
		{E43F61D6-1957-48E8-9D1A-5B55B736C09E}.Release|Any CPU.ActiveCfg = Release|Any CPU
		{E43F61D6-1957-48E8-9D1A-5B55B736C09E}.Release|Any CPU.Build.0 = Release|Any CPU
		{A0FB5E42-9A52-44D2-B206-47D1E653E9C4}.Debug|Any CPU.ActiveCfg = Debug|Any CPU
		{A0FB5E42-9A52-44D2-B206-47D1E653E9C4}.Debug|Any CPU.Build.0 = Debug|Any CPU
		{A0FB5E42-9A52-44D2-B206-47D1E653E9C4}.Release|Any CPU.ActiveCfg = Release|Any CPU
		{A0FB5E42-9A52-44D2-B206-47D1E653E9C4}.Release|Any CPU.Build.0 = Release|Any CPU
		{FABF809F-F00C-430C-AF7A-5639240A641F}.Debug|Any CPU.ActiveCfg = Debug|Any CPU
		{FABF809F-F00C-430C-AF7A-5639240A641F}.Debug|Any CPU.Build.0 = Debug|Any CPU
		{FABF809F-F00C-430C-AF7A-5639240A641F}.Release|Any CPU.ActiveCfg = Release|Any CPU
		{FABF809F-F00C-430C-AF7A-5639240A641F}.Release|Any CPU.Build.0 = Release|Any CPU
		{854EDCFA-6E4B-4EFE-9691-A51E43B32A06}.Debug|Any CPU.ActiveCfg = Debug|Any CPU
		{854EDCFA-6E4B-4EFE-9691-A51E43B32A06}.Debug|Any CPU.Build.0 = Debug|Any CPU
		{854EDCFA-6E4B-4EFE-9691-A51E43B32A06}.Release|Any CPU.ActiveCfg = Release|Any CPU
		{854EDCFA-6E4B-4EFE-9691-A51E43B32A06}.Release|Any CPU.Build.0 = Release|Any CPU
		{7C4225E8-700D-4FEE-9BBB-28A935364F05}.Debug|Any CPU.ActiveCfg = Debug|Any CPU
		{7C4225E8-700D-4FEE-9BBB-28A935364F05}.Debug|Any CPU.Build.0 = Debug|Any CPU
		{7C4225E8-700D-4FEE-9BBB-28A935364F05}.Release|Any CPU.ActiveCfg = Release|Any CPU
		{7C4225E8-700D-4FEE-9BBB-28A935364F05}.Release|Any CPU.Build.0 = Release|Any CPU
		{0F2C1E30-2D35-4B24-8C7B-752407A5037B}.Debug|Any CPU.ActiveCfg = Debug|Any CPU
		{0F2C1E30-2D35-4B24-8C7B-752407A5037B}.Debug|Any CPU.Build.0 = Debug|Any CPU
		{0F2C1E30-2D35-4B24-8C7B-752407A5037B}.Release|Any CPU.ActiveCfg = Release|Any CPU
		{0F2C1E30-2D35-4B24-8C7B-752407A5037B}.Release|Any CPU.Build.0 = Release|Any CPU
		{2D6AD899-DDCF-4457-97B4-27ACC61929AF}.Debug|Any CPU.ActiveCfg = Debug|Any CPU
		{2D6AD899-DDCF-4457-97B4-27ACC61929AF}.Debug|Any CPU.Build.0 = Debug|Any CPU
		{2D6AD899-DDCF-4457-97B4-27ACC61929AF}.Release|Any CPU.ActiveCfg = Release|Any CPU
		{2D6AD899-DDCF-4457-97B4-27ACC61929AF}.Release|Any CPU.Build.0 = Release|Any CPU
		{B52944DB-9943-407D-9656-B488370BD204}.Debug|Any CPU.ActiveCfg = Debug|Any CPU
		{B52944DB-9943-407D-9656-B488370BD204}.Debug|Any CPU.Build.0 = Debug|Any CPU
		{B52944DB-9943-407D-9656-B488370BD204}.Release|Any CPU.ActiveCfg = Release|Any CPU
		{B52944DB-9943-407D-9656-B488370BD204}.Release|Any CPU.Build.0 = Release|Any CPU
		{B7BB0207-1471-4A4F-A939-9ADDB99F8249}.Debug|Any CPU.ActiveCfg = Debug|Any CPU
		{B7BB0207-1471-4A4F-A939-9ADDB99F8249}.Debug|Any CPU.Build.0 = Debug|Any CPU
		{B7BB0207-1471-4A4F-A939-9ADDB99F8249}.Release|Any CPU.ActiveCfg = Release|Any CPU
		{B7BB0207-1471-4A4F-A939-9ADDB99F8249}.Release|Any CPU.Build.0 = Release|Any CPU
		{F246D541-91B2-4BF2-9F4F-9BD2944F5926}.Debug|Any CPU.ActiveCfg = Debug|Any CPU
		{F246D541-91B2-4BF2-9F4F-9BD2944F5926}.Debug|Any CPU.Build.0 = Debug|Any CPU
		{F246D541-91B2-4BF2-9F4F-9BD2944F5926}.Release|Any CPU.ActiveCfg = Release|Any CPU
		{F246D541-91B2-4BF2-9F4F-9BD2944F5926}.Release|Any CPU.Build.0 = Release|Any CPU
		{9653C064-54C1-41B6-B34C-8AF2DC747C65}.Debug|Any CPU.ActiveCfg = Debug|Any CPU
		{9653C064-54C1-41B6-B34C-8AF2DC747C65}.Debug|Any CPU.Build.0 = Debug|Any CPU
		{9653C064-54C1-41B6-B34C-8AF2DC747C65}.Release|Any CPU.ActiveCfg = Release|Any CPU
		{9653C064-54C1-41B6-B34C-8AF2DC747C65}.Release|Any CPU.Build.0 = Release|Any CPU
		{253BB354-E7ED-4A25-A848-E2E95F1D92FE}.Debug|Any CPU.ActiveCfg = Debug|Any CPU
		{253BB354-E7ED-4A25-A848-E2E95F1D92FE}.Debug|Any CPU.Build.0 = Debug|Any CPU
		{253BB354-E7ED-4A25-A848-E2E95F1D92FE}.Release|Any CPU.ActiveCfg = Release|Any CPU
		{253BB354-E7ED-4A25-A848-E2E95F1D92FE}.Release|Any CPU.Build.0 = Release|Any CPU
		{313DD6A3-C3A2-4425-A722-FE1CA0225D0F}.Debug|Any CPU.ActiveCfg = Debug|Any CPU
		{313DD6A3-C3A2-4425-A722-FE1CA0225D0F}.Debug|Any CPU.Build.0 = Debug|Any CPU
		{313DD6A3-C3A2-4425-A722-FE1CA0225D0F}.Release|Any CPU.ActiveCfg = Release|Any CPU
		{313DD6A3-C3A2-4425-A722-FE1CA0225D0F}.Release|Any CPU.Build.0 = Release|Any CPU
		{DC499FB3-C948-4AD7-94BF-7CC62FE076BB}.Debug|Any CPU.ActiveCfg = Debug|Any CPU
		{DC499FB3-C948-4AD7-94BF-7CC62FE076BB}.Debug|Any CPU.Build.0 = Debug|Any CPU
		{DC499FB3-C948-4AD7-94BF-7CC62FE076BB}.Release|Any CPU.ActiveCfg = Release|Any CPU
		{DC499FB3-C948-4AD7-94BF-7CC62FE076BB}.Release|Any CPU.Build.0 = Release|Any CPU
		{2F47900C-E9E4-4E93-9514-84798B7DA02F}.Debug|Any CPU.ActiveCfg = Debug|Any CPU
		{2F47900C-E9E4-4E93-9514-84798B7DA02F}.Debug|Any CPU.Build.0 = Debug|Any CPU
		{2F47900C-E9E4-4E93-9514-84798B7DA02F}.Release|Any CPU.ActiveCfg = Release|Any CPU
		{2F47900C-E9E4-4E93-9514-84798B7DA02F}.Release|Any CPU.Build.0 = Release|Any CPU
		{7BDF6D7A-5FF9-469B-9881-4E89779AC789}.Debug|Any CPU.ActiveCfg = Debug|Any CPU
		{7BDF6D7A-5FF9-469B-9881-4E89779AC789}.Debug|Any CPU.Build.0 = Debug|Any CPU
		{7BDF6D7A-5FF9-469B-9881-4E89779AC789}.Release|Any CPU.ActiveCfg = Release|Any CPU
		{7BDF6D7A-5FF9-469B-9881-4E89779AC789}.Release|Any CPU.Build.0 = Release|Any CPU
		{60ADD50A-4834-47CB-8E07-63E67EA1C831}.Debug|Any CPU.ActiveCfg = Debug|Any CPU
		{60ADD50A-4834-47CB-8E07-63E67EA1C831}.Debug|Any CPU.Build.0 = Debug|Any CPU
		{60ADD50A-4834-47CB-8E07-63E67EA1C831}.Release|Any CPU.ActiveCfg = Release|Any CPU
		{60ADD50A-4834-47CB-8E07-63E67EA1C831}.Release|Any CPU.Build.0 = Release|Any CPU
		{A962236F-0E16-44F8-B407-8FCFE492DB06}.Debug|Any CPU.ActiveCfg = Debug|Any CPU
		{A962236F-0E16-44F8-B407-8FCFE492DB06}.Debug|Any CPU.Build.0 = Debug|Any CPU
		{A962236F-0E16-44F8-B407-8FCFE492DB06}.Release|Any CPU.ActiveCfg = Release|Any CPU
		{A962236F-0E16-44F8-B407-8FCFE492DB06}.Release|Any CPU.Build.0 = Release|Any CPU
		{E8E682DD-6662-4996-96E3-CE2BDE8C5D97}.Debug|Any CPU.ActiveCfg = Debug|Any CPU
		{E8E682DD-6662-4996-96E3-CE2BDE8C5D97}.Debug|Any CPU.Build.0 = Debug|Any CPU
		{E8E682DD-6662-4996-96E3-CE2BDE8C5D97}.Release|Any CPU.ActiveCfg = Release|Any CPU
		{E8E682DD-6662-4996-96E3-CE2BDE8C5D97}.Release|Any CPU.Build.0 = Release|Any CPU
	EndGlobalSection
	GlobalSection(SolutionProperties) = preSolution
		HideSolutionNode = FALSE
	EndGlobalSection
	GlobalSection(NestedProjects) = preSolution
		{FA2CD1BF-A890-4306-9EDB-A1B10042E57E} = {11854441-8BA2-4F92-876A-C21E1C392328}
		{83384F8F-4611-4FB6-88D0-C1D89D0D070A} = {9DE2C92F-7899-4F55-8790-B26CB9160C22}
		{8CE800B3-084A-4900-BEC3-27B81707ADC9} = {83384F8F-4611-4FB6-88D0-C1D89D0D070A}
		{E198C691-91A6-4082-9976-F5F006F24960} = {B659F5BF-19B6-48C7-885A-1CA767049A8C}
		{681BB5E0-8DB0-44FA-8950-EEF3ADC42745} = {CCBB2203-2FD5-4CE4-9FA0-4F3C97A9701A}
		{9670D9D3-7652-42AC-80A7-B9B5D07A0B4C} = {988A4448-0520-4995-BF33-738CE2C4CE4B}
		{4EB8AB3B-2E70-410F-AA9B-8F1C9490FA3A} = {0AFE6D2B-E3B2-455F-9776-70D5C39629A4}
		{2A6BA5FB-DBAA-457A-9CB3-9BA74A96551B} = {B659F5BF-19B6-48C7-885A-1CA767049A8C}
		{B78BEABA-813A-4C65-BA17-2207E5F37B66} = {B659F5BF-19B6-48C7-885A-1CA767049A8C}
		{7DA939D6-5443-498F-AAA1-3CE3134BC3EB} = {B659F5BF-19B6-48C7-885A-1CA767049A8C}
		{58F76882-5E21-452F-A070-76D468D6E27C} = {B659F5BF-19B6-48C7-885A-1CA767049A8C}
		{857217F2-B265-4154-883F-568285643238} = {B659F5BF-19B6-48C7-885A-1CA767049A8C}
		{5A1D47F4-B15F-4F42-8EAF-24F1474FE503} = {B659F5BF-19B6-48C7-885A-1CA767049A8C}
		{5647CA93-FE6C-4247-93C6-5617D16BE29B} = {E7584BB5-905E-4A31-ABA8-E77C3C9F47C1}
		{9492C7B7-6584-4FFF-A68F-8F0AEFD8077E} = {B659F5BF-19B6-48C7-885A-1CA767049A8C}
		{B0D92407-E135-4CE6-8250-51AC8846ED0C} = {BABF9089-5262-4707-A312-FFD1B904F68B}
		{4D83CD86-3A8E-4501-B8A7-7989CD71EDF1} = {B659F5BF-19B6-48C7-885A-1CA767049A8C}
		{11CD60DA-6FBB-4A76-96B3-841DC2E67EFA} = {BABF9089-5262-4707-A312-FFD1B904F68B}
		{47FE8E9F-CCF6-46B7-BA75-CBA1D1F56D7A} = {B659F5BF-19B6-48C7-885A-1CA767049A8C}
		{59620518-6260-4F87-87AF-3142CEE75C35} = {BABF9089-5262-4707-A312-FFD1B904F68B}
		{220407EA-E1E1-4BC6-BEC3-3ABFE5070DF5} = {59620518-6260-4F87-87AF-3142CEE75C35}
		{F194D759-AE81-488C-8230-EF63836B44C9} = {59620518-6260-4F87-87AF-3142CEE75C35}
		{85EDB9FC-3769-4421-9AB6-5EA4117A72F7} = {59620518-6260-4F87-87AF-3142CEE75C35}
		{D9CD2A65-E454-403C-A36D-1BEEB4FB047B} = {59620518-6260-4F87-87AF-3142CEE75C35}
		{D63B92B8-863B-493D-8117-0960DB06B554} = {0AFE6D2B-E3B2-455F-9776-70D5C39629A4}
		{33862A55-E53A-45EF-85C4-A9E1DEF4181C} = {59620518-6260-4F87-87AF-3142CEE75C35}
		{CAAA3B30-55E9-4F50-8F09-89CA54DF9614} = {0AFE6D2B-E3B2-455F-9776-70D5C39629A4}
		{3A8DF840-5A87-4CD3-915E-07ABF10B065A} = {59620518-6260-4F87-87AF-3142CEE75C35}
		{132FA025-29D6-4DDE-9653-22477F4E01F0} = {59620518-6260-4F87-87AF-3142CEE75C35}
		{E111A891-B47D-4BDC-8BC2-62C2605FC9B8} = {59620518-6260-4F87-87AF-3142CEE75C35}
		{1AB1997A-C8D1-4AED-848D-54001D50A537} = {59620518-6260-4F87-87AF-3142CEE75C35}
		{EEC53E9A-3970-4EEC-8FFC-6B1AEA371A77} = {59620518-6260-4F87-87AF-3142CEE75C35}
		{99B877E4-7B04-4490-9163-C7A41FEE0097} = {59620518-6260-4F87-87AF-3142CEE75C35}
		{40277502-BEE5-4E57-986E-8C6C851A8913} = {59620518-6260-4F87-87AF-3142CEE75C35}
		{B3B5D17F-9B2C-4B26-90E5-8AB0C1A3074A} = {59620518-6260-4F87-87AF-3142CEE75C35}
		{40A28D14-9B34-4000-BB7B-99BB0FD5BDF7} = {5D045FCD-BBE8-4543-B16B-00C8579E6861}
		{52847132-FB66-4611-A321-581391DDB57F} = {0AFE6D2B-E3B2-455F-9776-70D5C39629A4}
		{48D73933-5410-4CA9-A1B1-41EDA199BA92} = {59620518-6260-4F87-87AF-3142CEE75C35}
		{EB7256C6-282E-45B5-8056-B8301A836E6C} = {59620518-6260-4F87-87AF-3142CEE75C35}
		{F2858715-3D6E-4173-AC57-D1B8E874EDD1} = {59620518-6260-4F87-87AF-3142CEE75C35}
		{743A5DD8-09BE-40F6-ABA6-828DF2B3FD5E} = {59620518-6260-4F87-87AF-3142CEE75C35}
		{439DC5B8-1177-454E-94EC-8A8D2DDC9E22} = {B659F5BF-19B6-48C7-885A-1CA767049A8C}
		{E43F61D6-1957-48E8-9D1A-5B55B736C09E} = {0E5B4BCE-0395-4940-BE06-07D1F20743B5}
		{A0FB5E42-9A52-44D2-B206-47D1E653E9C4} = {0E5B4BCE-0395-4940-BE06-07D1F20743B5}
		{FABF809F-F00C-430C-AF7A-5639240A641F} = {59620518-6260-4F87-87AF-3142CEE75C35}
		{FDBEE45B-1577-42E8-807A-48A574D239BF} = {11F56A63-7A92-4841-8C2A-0F24F93C5A74}
		{854EDCFA-6E4B-4EFE-9691-A51E43B32A06} = {FDBEE45B-1577-42E8-807A-48A574D239BF}
		{7C4225E8-700D-4FEE-9BBB-28A935364F05} = {B659F5BF-19B6-48C7-885A-1CA767049A8C}
		{0F2C1E30-2D35-4B24-8C7B-752407A5037B} = {FDBEE45B-1577-42E8-807A-48A574D239BF}
		{2D6AD899-DDCF-4457-97B4-27ACC61929AF} = {6D1DC5B4-6414-4F38-B95B-A4BFA9C4BB48}
		{B52944DB-9943-407D-9656-B488370BD204} = {6D1DC5B4-6414-4F38-B95B-A4BFA9C4BB48}
		{B7BB0207-1471-4A4F-A939-9ADDB99F8249} = {0E1C09AD-279E-4373-8044-A4BEC52356A7}
		{0E1C09AD-279E-4373-8044-A4BEC52356A7} = {6D1DC5B4-6414-4F38-B95B-A4BFA9C4BB48}
		{F246D541-91B2-4BF2-9F4F-9BD2944F5926} = {0E1C09AD-279E-4373-8044-A4BEC52356A7}
		{9653C064-54C1-41B6-B34C-8AF2DC747C65} = {B659F5BF-19B6-48C7-885A-1CA767049A8C}
		{253BB354-E7ED-4A25-A848-E2E95F1D92FE} = {59620518-6260-4F87-87AF-3142CEE75C35}
		{313DD6A3-C3A2-4425-A722-FE1CA0225D0F} = {B659F5BF-19B6-48C7-885A-1CA767049A8C}
		{DC499FB3-C948-4AD7-94BF-7CC62FE076BB} = {5D045FCD-BBE8-4543-B16B-00C8579E6861}
		{2F47900C-E9E4-4E93-9514-84798B7DA02F} = {59620518-6260-4F87-87AF-3142CEE75C35}
		{7BDF6D7A-5FF9-469B-9881-4E89779AC789} = {B659F5BF-19B6-48C7-885A-1CA767049A8C}
		{60ADD50A-4834-47CB-8E07-63E67EA1C831} = {59620518-6260-4F87-87AF-3142CEE75C35}
		{A962236F-0E16-44F8-B407-8FCFE492DB06} = {7EF8D2E4-0736-4784-B678-1D8B3BDE4DC2}
		{E8E682DD-6662-4996-96E3-CE2BDE8C5D97} = {B659F5BF-19B6-48C7-885A-1CA767049A8C}
	EndGlobalSection
	GlobalSection(ExtensibilityGlobals) = postSolution
		SolutionGuid = {2E4F5021-8BA2-4CB0-959B-4E49D190605D}
	EndGlobalSection
EndGlobal
